
Microsoft Visual Studio Solution File, Format Version 12.00
# Visual Studio Version 16
VisualStudioVersion = 16.0.28803.156
MinimumVisualStudioVersion = 10.0.40219.1
Project("{9A19103F-16F7-4668-BE54-9A1E7A4F7556}") = "BotEnterpriseActiveLearning", "BotEnterpriseActiveLearning.csproj", "{A05F62C5-1770-46C0-B574-2D3617E8CA1D}"
EndProject
Global
	GlobalSection(SolutionConfigurationPlatforms) = preSolution
		Debug|Any CPU = Debug|Any CPU
		Release|Any CPU = Release|Any CPU
	EndGlobalSection
	GlobalSection(ProjectConfigurationPlatforms) = postSolution
		{A05F62C5-1770-46C0-B574-2D3617E8CA1D}.Debug|Any CPU.ActiveCfg = Debug|Any CPU
		{A05F62C5-1770-46C0-B574-2D3617E8CA1D}.Debug|Any CPU.Build.0 = Debug|Any CPU
		{A05F62C5-1770-46C0-B574-2D3617E8CA1D}.Release|Any CPU.ActiveCfg = Release|Any CPU
		{A05F62C5-1770-46C0-B574-2D3617E8CA1D}.Release|Any CPU.Build.0 = Release|Any CPU
	EndGlobalSection
	GlobalSection(SolutionProperties) = preSolution
		HideSolutionNode = FALSE
	EndGlobalSection
	GlobalSection(ExtensibilityGlobals) = postSolution
		SolutionGuid = {D1302DE2-1F21-45C8-8822-23D9BD79DAA8}
	EndGlobalSection
EndGlobal
